
Microsoft Visual Studio Solution File, Format Version 12.00
# Visual Studio Version 17
VisualStudioVersion = 17.2.32630.192
MinimumVisualStudioVersion = 10.0.40219.1
Project("{FAE04EC0-301F-11D3-BF4B-00C04F79EFBC}") = "Nemetschek", "Nemetschek\Nemetschek.csproj", "{3D81D913-8F87-442E-8F21-0A8DD1D3198C}"
EndProject
Global
	GlobalSection(SolutionConfigurationPlatforms) = preSolution
		Debug|Any CPU = Debug|Any CPU
		Release|Any CPU = Release|Any CPU
	EndGlobalSection
	GlobalSection(ProjectConfigurationPlatforms) = postSolution
		{3D81D913-8F87-442E-8F21-0A8DD1D3198C}.Debug|Any CPU.ActiveCfg = Debug|Any CPU
		{3D81D913-8F87-442E-8F21-0A8DD1D3198C}.Debug|Any CPU.Build.0 = Debug|Any CPU
		{3D81D913-8F87-442E-8F21-0A8DD1D3198C}.Release|Any CPU.ActiveCfg = Release|Any CPU
		{3D81D913-8F87-442E-8F21-0A8DD1D3198C}.Release|Any CPU.Build.0 = Release|Any CPU
	EndGlobalSection
	GlobalSection(SolutionProperties) = preSolution
		HideSolutionNode = FALSE
	EndGlobalSection
	GlobalSection(ExtensibilityGlobals) = postSolution
		SolutionGuid = {1356C5E3-6777-4160-BD61-E8B7FF01A978}
	EndGlobalSection
EndGlobal
